
Microsoft Visual Studio Solution File, Format Version 12.00
# Visual Studio 14
VisualStudioVersion = 14.0.23107.0
MinimumVisualStudioVersion = 10.0.40219.1
Project("{FAE04EC0-301F-11D3-BF4B-00C04F79EFBC}") = "Kit Generator Form", "PSD Parser\Kit Generator Form.csproj", "{00049093-98AE-409F-86E7-B0127F497800}"
EndProject
Project("{FAE04EC0-301F-11D3-BF4B-00C04F79EFBC}") = "Kit Generator", "Kit Generator\Kit Generator.csproj", "{EB7AF4E3-CBF7-4DC5-8779-4E73B2999F3B}"
EndProject
Global
	GlobalSection(SolutionConfigurationPlatforms) = preSolution
		Debug|Any CPU = Debug|Any CPU
		Release|Any CPU = Release|Any CPU
	EndGlobalSection
	GlobalSection(ProjectConfigurationPlatforms) = postSolution
		{00049093-98AE-409F-86E7-B0127F497800}.Debug|Any CPU.ActiveCfg = Debug|Any CPU
		{00049093-98AE-409F-86E7-B0127F497800}.Debug|Any CPU.Build.0 = Debug|Any CPU
		{00049093-98AE-409F-86E7-B0127F497800}.Release|Any CPU.ActiveCfg = Release|Any CPU
		{00049093-98AE-409F-86E7-B0127F497800}.Release|Any CPU.Build.0 = Release|Any CPU
		{EB7AF4E3-CBF7-4DC5-8779-4E73B2999F3B}.Debug|Any CPU.ActiveCfg = Debug|Any CPU
		{EB7AF4E3-CBF7-4DC5-8779-4E73B2999F3B}.Debug|Any CPU.Build.0 = Debug|Any CPU
		{EB7AF4E3-CBF7-4DC5-8779-4E73B2999F3B}.Release|Any CPU.ActiveCfg = Release|Any CPU
		{EB7AF4E3-CBF7-4DC5-8779-4E73B2999F3B}.Release|Any CPU.Build.0 = Release|Any CPU
	EndGlobalSection
	GlobalSection(SolutionProperties) = preSolution
		HideSolutionNode = FALSE
	EndGlobalSection
EndGlobal
